
Microsoft Visual Studio Solution File, Format Version 12.00
# Visual Studio Version 17
VisualStudioVersion = 17.0.31903.59
MinimumVisualStudioVersion = 10.0.40219.1
Project("{F2A71F9B-5D33-465A-A702-920D77279786}") = "app", "app\app.fsproj", "{FB054342-A50B-4092-A24A-3613111B12A7}"
EndProject
Project("{F2A71F9B-5D33-465A-A702-920D77279786}") = "lib2", "lib2\lib2.fsproj", "{014CE691-E765-418B-BBF7-5D38777E9755}"
EndProject
Global
	GlobalSection(SolutionConfigurationPlatforms) = preSolution
		Debug|Any CPU = Debug|Any CPU
		Release|Any CPU = Release|Any CPU
	EndGlobalSection
	GlobalSection(SolutionProperties) = preSolution
		HideSolutionNode = FALSE
	EndGlobalSection
	GlobalSection(ProjectConfigurationPlatforms) = postSolution
		{FB054342-A50B-4092-A24A-3613111B12A7}.Debug|Any CPU.ActiveCfg = Debug|Any CPU
		{FB054342-A50B-4092-A24A-3613111B12A7}.Debug|Any CPU.Build.0 = Debug|Any CPU
		{FB054342-A50B-4092-A24A-3613111B12A7}.Release|Any CPU.ActiveCfg = Release|Any CPU
		{FB054342-A50B-4092-A24A-3613111B12A7}.Release|Any CPU.Build.0 = Release|Any CPU
		{014CE691-E765-418B-BBF7-5D38777E9755}.Debug|Any CPU.ActiveCfg = Debug|Any CPU
		{014CE691-E765-418B-BBF7-5D38777E9755}.Debug|Any CPU.Build.0 = Debug|Any CPU
		{014CE691-E765-418B-BBF7-5D38777E9755}.Release|Any CPU.ActiveCfg = Release|Any CPU
		{014CE691-E765-418B-BBF7-5D38777E9755}.Release|Any CPU.Build.0 = Release|Any CPU
	EndGlobalSection
EndGlobal
